
Microsoft Visual Studio Solution File, Format Version 12.00
# Visual Studio Version 17
VisualStudioVersion = 17.5.33502.453
MinimumVisualStudioVersion = 10.0.40219.1
Project("{FAE04EC0-301F-11D3-BF4B-00C04F79EFBC}") = "MovieReviews", "MovieReviews\MovieReviews.csproj", "{D08CC03B-8906-4092-8304-E04951AEED1E}"
EndProject
Global
	GlobalSection(SolutionConfigurationPlatforms) = preSolution
		Debug|Any CPU = Debug|Any CPU
		Release|Any CPU = Release|Any CPU
	EndGlobalSection
	GlobalSection(ProjectConfigurationPlatforms) = postSolution
		{D08CC03B-8906-4092-8304-E04951AEED1E}.Debug|Any CPU.ActiveCfg = Debug|Any CPU
		{D08CC03B-8906-4092-8304-E04951AEED1E}.Debug|Any CPU.Build.0 = Debug|Any CPU
		{D08CC03B-8906-4092-8304-E04951AEED1E}.Release|Any CPU.ActiveCfg = Release|Any CPU
		{D08CC03B-8906-4092-8304-E04951AEED1E}.Release|Any CPU.Build.0 = Release|Any CPU
	EndGlobalSection
	GlobalSection(SolutionProperties) = preSolution
		HideSolutionNode = FALSE
	EndGlobalSection
	GlobalSection(ExtensibilityGlobals) = postSolution
		SolutionGuid = {B2694EF5-E715-4884-8122-08E718CC6170}
	EndGlobalSection
EndGlobal
